
Microsoft Visual Studio Solution File, Format Version 12.00
# Visual Studio Version 17
VisualStudioVersion = 17.11.35327.3
MinimumVisualStudioVersion = 10.0.40219.1
Project("{9A19103F-16F7-4668-BE54-9A1E7A4F7556}") = "UIPlacasSolares", "UIPlacasSolares\UIPlacasSolares.csproj", "{EBBBCC0C-0E9B-4A23-8145-70BA047391EF}"
EndProject
Global
	GlobalSection(SolutionConfigurationPlatforms) = preSolution
		Debug|Any CPU = Debug|Any CPU
		Release|Any CPU = Release|Any CPU
	EndGlobalSection
	GlobalSection(ProjectConfigurationPlatforms) = postSolution
		{EBBBCC0C-0E9B-4A23-8145-70BA047391EF}.Debug|Any CPU.ActiveCfg = Debug|Any CPU
		{EBBBCC0C-0E9B-4A23-8145-70BA047391EF}.Debug|Any CPU.Build.0 = Debug|Any CPU
		{EBBBCC0C-0E9B-4A23-8145-70BA047391EF}.Debug|Any CPU.Deploy.0 = Debug|Any CPU
		{EBBBCC0C-0E9B-4A23-8145-70BA047391EF}.Release|Any CPU.ActiveCfg = Release|Any CPU
		{EBBBCC0C-0E9B-4A23-8145-70BA047391EF}.Release|Any CPU.Build.0 = Release|Any CPU
		{EBBBCC0C-0E9B-4A23-8145-70BA047391EF}.Release|Any CPU.Deploy.0 = Release|Any CPU
	EndGlobalSection
	GlobalSection(SolutionProperties) = preSolution
		HideSolutionNode = FALSE
	EndGlobalSection
	GlobalSection(ExtensibilityGlobals) = postSolution
		SolutionGuid = {9FE98BC9-ED3E-455D-8CA4-AAABF6F6843C}
	EndGlobalSection
EndGlobal
